
Microsoft Visual Studio Solution File, Format Version 12.00
# Visual Studio 15
VisualStudioVersion = 15.0.28307.1259
MinimumVisualStudioVersion = 10.0.40219.1
Project("{FAE04EC0-301F-11D3-BF4B-00C04F79EFBC}") = "JS-CSS-Clock", "JS-CSS-Clock\JS-CSS-Clock.csproj", "{6CBEDBBD-6B56-4C94-974E-46FBE0DEAC88}"
EndProject
Global
	GlobalSection(SolutionConfigurationPlatforms) = preSolution
		Debug|Any CPU = Debug|Any CPU
		Release|Any CPU = Release|Any CPU
	EndGlobalSection
	GlobalSection(ProjectConfigurationPlatforms) = postSolution
		{6CBEDBBD-6B56-4C94-974E-46FBE0DEAC88}.Debug|Any CPU.ActiveCfg = Debug|Any CPU
		{6CBEDBBD-6B56-4C94-974E-46FBE0DEAC88}.Debug|Any CPU.Build.0 = Debug|Any CPU
		{6CBEDBBD-6B56-4C94-974E-46FBE0DEAC88}.Release|Any CPU.ActiveCfg = Release|Any CPU
		{6CBEDBBD-6B56-4C94-974E-46FBE0DEAC88}.Release|Any CPU.Build.0 = Release|Any CPU
	EndGlobalSection
	GlobalSection(SolutionProperties) = preSolution
		HideSolutionNode = FALSE
	EndGlobalSection
	GlobalSection(ExtensibilityGlobals) = postSolution
		SolutionGuid = {FBE49FF4-89AA-424D-905C-BD9861430D23}
	EndGlobalSection
EndGlobal
